
Microsoft Visual Studio Solution File, Format Version 12.00
# Visual Studio Version 17
VisualStudioVersion = 17.9.34728.123
MinimumVisualStudioVersion = 10.0.40219.1
Project("{FAE04EC0-301F-11D3-BF4B-00C04F79EFBC}") = "SistemaInventario", "SistemaInventario\SistemaInventario.csproj", "{BCCD1D5A-5002-4F26-AF14-97527465E760}"
EndProject
Global
	GlobalSection(SolutionConfigurationPlatforms) = preSolution
		Debug|Any CPU = Debug|Any CPU
		Release|Any CPU = Release|Any CPU
	EndGlobalSection
	GlobalSection(ProjectConfigurationPlatforms) = postSolution
		{BCCD1D5A-5002-4F26-AF14-97527465E760}.Debug|Any CPU.ActiveCfg = Debug|Any CPU
		{BCCD1D5A-5002-4F26-AF14-97527465E760}.Debug|Any CPU.Build.0 = Debug|Any CPU
		{BCCD1D5A-5002-4F26-AF14-97527465E760}.Release|Any CPU.ActiveCfg = Release|Any CPU
		{BCCD1D5A-5002-4F26-AF14-97527465E760}.Release|Any CPU.Build.0 = Release|Any CPU
	EndGlobalSection
	GlobalSection(SolutionProperties) = preSolution
		HideSolutionNode = FALSE
	EndGlobalSection
	GlobalSection(ExtensibilityGlobals) = postSolution
		SolutionGuid = {9AEE0260-0656-4F18-852B-0B3FA9ADF505}
	EndGlobalSection
EndGlobal
